
Microsoft Visual Studio Solution File, Format Version 12.00
# Visual Studio Version 17
VisualStudioVersion = 17.14.36414.22
MinimumVisualStudioVersion = 10.0.40219.1
Project("{8BC9CEB8-8B4A-11D0-8D11-00A0C91BC942}") = "MasterApp", "MasterApp\MasterApp.vcxproj", "{D4589F9E-272D-4BE4-A8ED-5F4C2F2A4FD6}"
EndProject
Project("{8BC9CEB8-8B4A-11D0-8D11-00A0C91BC942}") = "SlaveApp", "SlaveApp\SlaveApp.vcxproj", "{2E1D133B-19EB-41EA-A101-0262EF0C4B98}"
EndProject
Project("{2150E333-8FDC-42A3-9474-1A3956D46DE8}") = "Test", "Test", "{02EA681E-C7D8-13C7-8484-4AC65E1B71E8}"
EndProject
Project("{8BC9CEB8-8B4A-11D0-8D11-00A0C91BC942}") = "TestLaslibWrapper", "Test\TestLaslibWrapper\TestLaslibWrapper.vcxproj", "{73F98E00-A234-47D9-AB53-341124F5961E}"
EndProject
Global
	GlobalSection(SolutionConfigurationPlatforms) = preSolution
		Debug|x64 = Debug|x64
		Debug|x86 = Debug|x86
		Release|x64 = Release|x64
		Release|x86 = Release|x86
	EndGlobalSection
	GlobalSection(ProjectConfigurationPlatforms) = postSolution
		{D4589F9E-272D-4BE4-A8ED-5F4C2F2A4FD6}.Debug|x64.ActiveCfg = Debug|x64
		{D4589F9E-272D-4BE4-A8ED-5F4C2F2A4FD6}.Debug|x64.Build.0 = Debug|x64
		{D4589F9E-272D-4BE4-A8ED-5F4C2F2A4FD6}.Debug|x86.ActiveCfg = Debug|Win32
		{D4589F9E-272D-4BE4-A8ED-5F4C2F2A4FD6}.Debug|x86.Build.0 = Debug|Win32
		{D4589F9E-272D-4BE4-A8ED-5F4C2F2A4FD6}.Release|x64.ActiveCfg = Release|x64
		{D4589F9E-272D-4BE4-A8ED-5F4C2F2A4FD6}.Release|x64.Build.0 = Release|x64
		{D4589F9E-272D-4BE4-A8ED-5F4C2F2A4FD6}.Release|x86.ActiveCfg = Release|Win32
		{D4589F9E-272D-4BE4-A8ED-5F4C2F2A4FD6}.Release|x86.Build.0 = Release|Win32
		{2E1D133B-19EB-41EA-A101-0262EF0C4B98}.Debug|x64.ActiveCfg = Debug|x64
		{2E1D133B-19EB-41EA-A101-0262EF0C4B98}.Debug|x64.Build.0 = Debug|x64
		{2E1D133B-19EB-41EA-A101-0262EF0C4B98}.Debug|x86.ActiveCfg = Debug|Win32
		{2E1D133B-19EB-41EA-A101-0262EF0C4B98}.Debug|x86.Build.0 = Debug|Win32
		{2E1D133B-19EB-41EA-A101-0262EF0C4B98}.Release|x64.ActiveCfg = Release|x64
		{2E1D133B-19EB-41EA-A101-0262EF0C4B98}.Release|x64.Build.0 = Release|x64
		{2E1D133B-19EB-41EA-A101-0262EF0C4B98}.Release|x86.ActiveCfg = Release|Win32
		{2E1D133B-19EB-41EA-A101-0262EF0C4B98}.Release|x86.Build.0 = Release|Win32
		{73F98E00-A234-47D9-AB53-341124F5961E}.Debug|x64.ActiveCfg = Debug|x64
		{73F98E00-A234-47D9-AB53-341124F5961E}.Debug|x64.Build.0 = Debug|x64
		{73F98E00-A234-47D9-AB53-341124F5961E}.Debug|x86.ActiveCfg = Debug|Win32
		{73F98E00-A234-47D9-AB53-341124F5961E}.Debug|x86.Build.0 = Debug|Win32
		{73F98E00-A234-47D9-AB53-341124F5961E}.Release|x64.ActiveCfg = Release|x64
		{73F98E00-A234-47D9-AB53-341124F5961E}.Release|x64.Build.0 = Release|x64
		{73F98E00-A234-47D9-AB53-341124F5961E}.Release|x86.ActiveCfg = Release|Win32
		{73F98E00-A234-47D9-AB53-341124F5961E}.Release|x86.Build.0 = Release|Win32
	EndGlobalSection
	GlobalSection(SolutionProperties) = preSolution
		HideSolutionNode = FALSE
	EndGlobalSection
	GlobalSection(NestedProjects) = preSolution
		{73F98E00-A234-47D9-AB53-341124F5961E} = {02EA681E-C7D8-13C7-8484-4AC65E1B71E8}
	EndGlobalSection
	GlobalSection(ExtensibilityGlobals) = postSolution
		SolutionGuid = {F9F575FF-85B4-412B-86CB-3E0FF6C62AFD}
	EndGlobalSection
EndGlobal
