<?xml version="1.0" encoding="utf-8"?>
<Project ToolsVersion="4.0" xmlns="http://schemas.microsoft.com/developer/msbuild/2003">
  <ItemGroup>
    <ClCompile Include="test.cpp" />
    <ClCompile Include="pch.cpp" />
    <ClCompile Include="..\..\include\bim\BimInfo.cpp">
      <Filter>src</Filter>
    </ClCompile>
    <ClCompile Include="..\..\src\NetworkManager.cpp">
      <Filter>src</Filter>
    </ClCompile>
    <ClCompile Include="..\..\include\bimtree\pc3d.cpp">
      <Filter>src</Filter>
    </ClCompile>
    <ClCompile Include="..\..\include\bimtree\SSMMatDatad.cpp">
      <Filter>src</Filter>
    </ClCompile>
    <ClCompile Include="..\..\include\bimtree\SsmMatrixd.cpp">
      <Filter>src</Filter>
    </ClCompile>
  </ItemGroup>
  <ItemGroup>
    <ClInclude Include="pch.h" />
    <ClInclude Include="..\..\include\bimtree\barycentric.hpp">
      <Filter>include</Filter>
    </ClInclude>
    <ClInclude Include="..\..\include\bim\BimInfo.h">
      <Filter>include</Filter>
    </ClInclude>
    <ClInclude Include="..\..\include\bim\BimMeshInfo.h">
      <Filter>include</Filter>
    </ClInclude>
    <ClInclude Include="..\..\include\bimtree\dataStructs.hpp">
      <Filter>include</Filter>
    </ClInclude>
    <ClInclude Include="..\..\include\bim\face.h">
      <Filter>include</Filter>
    </ClInclude>
    <ClInclude Include="..\..\include\bim\gltf.h">
      <Filter>include</Filter>
    </ClInclude>
    <ClInclude Include="..\..\include\bim\gltf_mesh.h">
      <Filter>include</Filter>
    </ClInclude>
    <ClInclude Include="..\..\include\LaslibReader.hpp">
      <Filter>include</Filter>
    </ClInclude>
    <ClInclude Include="..\..\include\LaslibWriter.hpp">
      <Filter>include</Filter>
    </ClInclude>
    <ClInclude Include="..\..\include\bimtree\lineintersection.hpp">
      <Filter>include</Filter>
    </ClInclude>
    <ClInclude Include="..\..\include\Logger.h">
      <Filter>include</Filter>
    </ClInclude>
    <ClInclude Include="..\..\include\bimtree\Mesh.hpp">
      <Filter>include</Filter>
    </ClInclude>
    <ClInclude Include="..\..\include\bimtree\nanoflann.hpp">
      <Filter>include</Filter>
    </ClInclude>
    <ClInclude Include="..\..\include\NetworkManager.h">
      <Filter>include</Filter>
    </ClInclude>
    <ClInclude Include="..\..\include\bimtree\pc3d.h">
      <Filter>include</Filter>
    </ClInclude>
    <ClInclude Include="..\..\include\bim\Point.h">
      <Filter>include</Filter>
    </ClInclude>
    <ClInclude Include="..\..\include\PointCloudTypes.h">
      <Filter>include</Filter>
    </ClInclude>
    <ClInclude Include="..\..\include\bimtree\PseudoPtsInMesh.hpp">
      <Filter>include</Filter>
    </ClInclude>
    <ClInclude Include="..\..\include\ReadPointFile.h">
      <Filter>include</Filter>
    </ClInclude>
    <ClInclude Include="..\..\include\bimtree\rotation.hpp">
      <Filter>include</Filter>
    </ClInclude>
    <ClInclude Include="..\..\include\RuntimeConfig.h">
      <Filter>include</Filter>
    </ClInclude>
    <ClInclude Include="..\..\include\bimtree\SSMMatDatad.h">
      <Filter>include</Filter>
    </ClInclude>
    <ClInclude Include="..\..\include\bimtree\SSMMatrixd.h">
      <Filter>include</Filter>
    </ClInclude>
    <ClInclude Include="..\..\include\bim\XYZ.h">
      <Filter>include</Filter>
    </ClInclude>
    <ClInclude Include="..\..\include\bimtree\xyzpoint.hpp">
      <Filter>include</Filter>
    </ClInclude>
    <ClInclude Include="..\..\include\ThreadPool.h">
      <Filter>include</Filter>
    </ClInclude>
    <ClInclude Include="..\..\include\TaskManager.h">
      <Filter>include</Filter>
    </ClInclude>
    <ClInclude Include="..\..\include\DefinePointType.hpp" />
  </ItemGroup>
  <ItemGroup>
    <Filter Include="src">
      <UniqueIdentifier>{0ba6f789-9c3a-4fc3-bdcc-8616a79116ef}</UniqueIdentifier>
    </Filter>
    <Filter Include="include">
      <UniqueIdentifier>{682ae0df-6aec-409e-a23c-85f265815428}</UniqueIdentifier>
    </Filter>
  </ItemGroup>
  <ItemGroup>
    <None Include="packages.config" />
  </ItemGroup>
</Project>